
Microsoft Visual Studio Solution File, Format Version 12.00
# Visual Studio 15
VisualStudioVersion = 15.0.28307.168
MinimumVisualStudioVersion = 10.0.40219.1
Project("{FAE04EC0-301F-11D3-BF4B-00C04F79EFBC}") = "SecureTransferDemo", "SecureTransferDemo\SecureTransferDemo.csproj", "{0FAF7335-12CE-4F10-A6A7-D5007EDCF0DA}"
EndProject
Global
	GlobalSection(SolutionConfigurationPlatforms) = preSolution
		Debug|Any CPU = Debug|Any CPU
		Release|Any CPU = Release|Any CPU
	EndGlobalSection
	GlobalSection(ProjectConfigurationPlatforms) = postSolution
		{0FAF7335-12CE-4F10-A6A7-D5007EDCF0DA}.Debug|Any CPU.ActiveCfg = Debug|Any CPU
		{0FAF7335-12CE-4F10-A6A7-D5007EDCF0DA}.Debug|Any CPU.Build.0 = Debug|Any CPU
		{0FAF7335-12CE-4F10-A6A7-D5007EDCF0DA}.Release|Any CPU.ActiveCfg = Release|Any CPU
		{0FAF7335-12CE-4F10-A6A7-D5007EDCF0DA}.Release|Any CPU.Build.0 = Release|Any CPU
	EndGlobalSection
	GlobalSection(SolutionProperties) = preSolution
		HideSolutionNode = FALSE
	EndGlobalSection
	GlobalSection(ExtensibilityGlobals) = postSolution
		SolutionGuid = {A8FA9CF3-C76A-4ED3-A382-53A41AC8EEB3}
	EndGlobalSection
EndGlobal
