
Microsoft Visual Studio Solution File, Format Version 12.00
# Visual Studio 15
VisualStudioVersion = 15.0.28307.168
MinimumVisualStudioVersion = 10.0.40219.1
Project("{FAE04EC0-301F-11D3-BF4B-00C04F79EFBC}") = "AutoResetEventDemo", "AutoResetEventDemo\AutoResetEventDemo.csproj", "{D077D607-DDEB-4AA0-A66E-916C74B0D0DB}"
EndProject
Global
	GlobalSection(SolutionConfigurationPlatforms) = preSolution
		Debug|Any CPU = Debug|Any CPU
		Release|Any CPU = Release|Any CPU
	EndGlobalSection
	GlobalSection(ProjectConfigurationPlatforms) = postSolution
		{D077D607-DDEB-4AA0-A66E-916C74B0D0DB}.Debug|Any CPU.ActiveCfg = Debug|Any CPU
		{D077D607-DDEB-4AA0-A66E-916C74B0D0DB}.Debug|Any CPU.Build.0 = Debug|Any CPU
		{D077D607-DDEB-4AA0-A66E-916C74B0D0DB}.Release|Any CPU.ActiveCfg = Release|Any CPU
		{D077D607-DDEB-4AA0-A66E-916C74B0D0DB}.Release|Any CPU.Build.0 = Release|Any CPU
	EndGlobalSection
	GlobalSection(SolutionProperties) = preSolution
		HideSolutionNode = FALSE
	EndGlobalSection
	GlobalSection(ExtensibilityGlobals) = postSolution
		SolutionGuid = {78D4C98E-A712-46CB-817D-D4C554171DBE}
	EndGlobalSection
EndGlobal
